// !$*UTF8*$!
{
	archiveVersion = 1;
	classes = {
	};
	objectVersion = 46;
	objects = {

/* Begin PBXBuildFile section */
		A1C9DD3F1AAA29E000875034 /* AppDelegate.swift in Sources */ = {isa = PBXBuildFile; fileRef = A1C9DD3E1AAA29E000875034 /* AppDelegate.swift */; };
		A1C9DD411AAA29E000875034 /* ViewController.swift in Sources */ = {isa = PBXBuildFile; fileRef = A1C9DD401AAA29E000875034 /* ViewController.swift */; };
		A1C9DD441AAA29E000875034 /* Main.storyboard in Resources */ = {isa = PBXBuildFile; fileRef = A1C9DD421AAA29E000875034 /* Main.storyboard */; };
		A1C9DD461AAA29E000875034 /* Images.xcassets in Resources */ = {isa = PBXBuildFile; fileRef = A1C9DD451AAA29E000875034 /* Images.xcassets */; };
		A1C9DD491AAA29E100875034 /* LaunchScreen.xib in Resources */ = {isa = PBXBuildFile; fileRef = A1C9DD471AAA29E100875034 /* LaunchScreen.xib */; };
		A1C9DDAB1AAA2D2B00875034 /* Font-Awesome.swift in Sources */ = {isa = PBXBuildFile; fileRef = A1C9DDAA1AAA2D2B00875034 /* Font-Awesome.swift */; };
		A1C9DDAD1AAA2D9800875034 /* FontAwesome.otf in Resources */ = {isa = PBXBuildFile; fileRef = A1C9DDAC1AAA2D9800875034 /* FontAwesome.otf */; };
/* End PBXBuildFile section */

/* Begin PBXFileReference section */
		A1C9DD391AAA29E000875034 /* Example.app */ = {isa = PBXFileReference; explicitFileType = wrapper.application; includeInIndex = 0; path = Example.app; sourceTree = BUILT_PRODUCTS_DIR; };
		A1C9DD3D1AAA29E000875034 /* Info.plist */ = {isa = PBXFileReference; lastKnownFileType = text.plist.xml; path = Info.plist; sourceTree = "<group>"; };
		A1C9DD3E1AAA29E000875034 /* AppDelegate.swift */ = {isa = PBXFileReference; lastKnownFileType = sourcecode.swift; path = AppDelegate.swift; sourceTree = "<group>"; };
		A1C9DD401AAA29E000875034 /* ViewController.swift */ = {isa = PBXFileReference; lastKnownFileType = sourcecode.swift; path = ViewController.swift; sourceTree = "<group>"; };
		A1C9DD431AAA29E000875034 /* Base */ = {isa = PBXFileReference; lastKnownFileType = file.storyboard; name = Base; path = Base.lproj/Main.storyboard; sourceTree = "<group>"; };
		A1C9DD451AAA29E000875034 /* Images.xcassets */ = {isa = PBXFileReference; lastKnownFileType = folder.assetcatalog; path = Images.xcassets; sourceTree = "<group>"; };
		A1C9DD481AAA29E100875034 /* Base */ = {isa = PBXFileReference; lastKnownFileType = file.xib; name = Base; path = Base.lproj/LaunchScreen.xib; sourceTree = "<group>"; };
		A1C9DD531AAA29E100875034 /* Info.plist */ = {isa = PBXFileReference; lastKnownFileType = text.plist.xml; path = Info.plist; sourceTree = "<group>"; };
		A1C9DD541AAA29E100875034 /* ExampleTests.swift */ = {isa = PBXFileReference; lastKnownFileType = sourcecode.swift; path = ExampleTests.swift; sourceTree = "<group>"; };
		A1C9DDAA1AAA2D2B00875034 /* Font-Awesome.swift */ = {isa = PBXFileReference; fileEncoding = 4; lastKnownFileType = sourcecode.swift; path = "Font-Awesome.swift"; sourceTree = "<group>"; };
		A1C9DDAC1AAA2D9800875034 /* FontAwesome.otf */ = {isa = PBXFileReference; lastKnownFileType = file; path = FontAwesome.otf; sourceTree = "<group>"; };
/* End PBXFileReference section */

/* Begin PBXFrameworksBuildPhase section */
		A1C9DD361AAA29E000875034 /* Frameworks */ = {
			isa = PBXFrameworksBuildPhase;
			buildActionMask = 2147483647;
			files = (
			);
			runOnlyForDeploymentPostprocessing = 0;
		};
/* End PBXFrameworksBuildPhase section */

/* Begin PBXGroup section */
		A1C9DD301AAA29E000875034 = {
			isa = PBXGroup;
			children = (
				A1C9DDA91AAA2D2B00875034 /* Font-Awesome */,
				A1C9DD3B1AAA29E000875034 /* Example */,
				A1C9DD511AAA29E100875034 /* ExampleTests */,
				A1C9DD3A1AAA29E000875034 /* Products */,
			);
			sourceTree = "<group>";
		};
		A1C9DD3A1AAA29E000875034 /* Products */ = {
			isa = PBXGroup;
			children = (
				A1C9DD391AAA29E000875034 /* Example.app */,
			);
			name = Products;
			sourceTree = "<group>";
		};
		A1C9DD3B1AAA29E000875034 /* Example */ = {
			isa = PBXGroup;
			children = (
				A1C9DD3E1AAA29E000875034 /* AppDelegate.swift */,
				A1C9DD401AAA29E000875034 /* ViewController.swift */,
				A1C9DD421AAA29E000875034 /* Main.storyboard */,
				A1C9DD451AAA29E000875034 /* Images.xcassets */,
				A1C9DD471AAA29E100875034 /* LaunchScreen.xib */,
				A1C9DDAC1AAA2D9800875034 /* FontAwesome.otf */,
				A1C9DD3C1AAA29E000875034 /* Supporting Files */,
			);
			path = Example;
			sourceTree = "<group>";
		};
		A1C9DD3C1AAA29E000875034 /* Supporting Files */ = {
			isa = PBXGroup;
			children = (
				A1C9DD3D1AAA29E000875034 /* Info.plist */,
			);
			name = "Supporting Files";
			sourceTree = "<group>";
		};
		A1C9DD511AAA29E100875034 /* ExampleTests */ = {
			isa = PBXGroup;
			children = (
				A1C9DD541AAA29E100875034 /* ExampleTests.swift */,
				A1C9DD521AAA29E100875034 /* Supporting Files */,
			);
			path = ExampleTests;
			sourceTree = "<group>";
		};
		A1C9DD521AAA29E100875034 /* Supporting Files */ = {
			isa = PBXGroup;
			children = (
				A1C9DD531AAA29E100875034 /* Info.plist */,
			);
			name = "Supporting Files";
			sourceTree = "<group>";
		};
		A1C9DDA91AAA2D2B00875034 /* Font-Awesome */ = {
			isa = PBXGroup;
			children = (
				A1C9DDAA1AAA2D2B00875034 /* Font-Awesome.swift */,
			);
			path = "Font-Awesome";
			sourceTree = "<group>";
		};
/* End PBXGroup section */

/* Begin PBXNativeTarget section */
		A1C9DD381AAA29E000875034 /* Example */ = {
			isa = PBXNativeTarget;
			buildConfigurationList = A1C9DD581AAA29E100875034 /* Build configuration list for PBXNativeTarget "Example" */;
			buildPhases = (
				A1C9DD351AAA29E000875034 /* Sources */,
				A1C9DD361AAA29E000875034 /* Frameworks */,
				A1C9DD371AAA29E000875034 /* Resources */,
			);
			buildRules = (
			);
			dependencies = (
			);
			name = Example;
			productName = Example;
			productReference = A1C9DD391AAA29E000875034 /* Example.app */;
			productType = "com.apple.product-type.application";
		};
/* End PBXNativeTarget section */

/* Begin PBXProject section */
		A1C9DD311AAA29E000875034 /* Project object */ = {
			isa = PBXProject;
			attributes = {
				LastUpgradeCheck = 0610;
				ORGANIZATIONNAME = "Hirohisa Kawasaki";
				TargetAttributes = {
					A1C9DD381AAA29E000875034 = {
						CreatedOnToolsVersion = 6.1.1;
					};
				};
			};
			buildConfigurationList = A1C9DD341AAA29E000875034 /* Build configuration list for PBXProject "Example" */;
			compatibilityVersion = "Xcode 3.2";
			developmentRegion = English;
			hasScannedForEncodings = 0;
			knownRegions = (
				en,
				Base,
			);
			mainGroup = A1C9DD301AAA29E000875034;
			productRefGroup = A1C9DD3A1AAA29E000875034 /* Products */;
			projectDirPath = "";
			projectRoot = "";
			targets = (
				A1C9DD381AAA29E000875034 /* Example */,
			);
		};
/* End PBXProject section */

/* Begin PBXResourcesBuildPhase section */
		A1C9DD371AAA29E000875034 /* Resources */ = {
			isa = PBXResourcesBuildPhase;
			buildActionMask = 2147483647;
			files = (
				A1C9DD441AAA29E000875034 /* Main.storyboard in Resources */,
				A1C9DD491AAA29E100875034 /* LaunchScreen.xib in Resources */,
				A1C9DDAD1AAA2D9800875034 /* FontAwesome.otf in Resources */,
				A1C9DD461AAA29E000875034 /* Images.xcassets in Resources */,
			);
			runOnlyForDeploymentPostprocessing = 0;
		};
/* End PBXResourcesBuildPhase section */

/* Begin PBXSourcesBuildPhase section */
		A1C9DD351AAA29E000875034 /* Sources */ = {
			isa = PBXSourcesBuildPhase;
			buildActionMask = 2147483647;
			files = (
				A1C9DD411AAA29E000875034 /* ViewController.swift in Sources */,
				A1C9DD3F1AAA29E000875034 /* AppDelegate.swift in Sources */,
				A1C9DDAB1AAA2D2B00875034 /* Font-Awesome.swift in Sources */,
			);
			runOnlyForDeploymentPostprocessing = 0;
		};
/* End PBXSourcesBuildPhase section */

/* Begin PBXVariantGroup section */
		A1C9DD421AAA29E000875034 /* Main.storyboard */ = {
			isa = PBXVariantGroup;
			children = (
				A1C9DD431AAA29E000875034 /* Base */,
			);
			name = Main.storyboard;
			sourceTree = "<group>";
		};
		A1C9DD471AAA29E100875034 /* LaunchScreen.xib */ = {
			isa = PBXVariantGroup;
			children = (
				A1C9DD481AAA29E100875034 /* Base */,
			);
			name = LaunchScreen.xib;
			sourceTree = "<group>";
		};
/* End PBXVariantGroup section */

/* Begin XCBuildConfiguration section */
		A1C9DD561AAA29E100875034 /* Debug */ = {
			isa = XCBuildConfiguration;
			buildSettings = {
				ALWAYS_SEARCH_USER_PATHS = NO;
				CLANG_CXX_LANGUAGE_STANDARD = "gnu++0x";
				CLANG_CXX_LIBRARY = "libc++";
				CLANG_ENABLE_MODULES = YES;
				CLANG_ENABLE_OBJC_ARC = YES;
				CLANG_WARN_BOOL_CONVERSION = YES;
				CLANG_WARN_CONSTANT_CONVERSION = YES;
				CLANG_WARN_DIRECT_OBJC_ISA_USAGE = YES_ERROR;
				CLANG_WARN_EMPTY_BODY = YES;
				CLANG_WARN_ENUM_CONVERSION = YES;
				CLANG_WARN_INT_CONVERSION = YES;
				CLANG_WARN_OBJC_ROOT_CLASS = YES_ERROR;
				CLANG_WARN_UNREACHABLE_CODE = YES;
				CLANG_WARN__DUPLICATE_METHOD_MATCH = YES;
				"CODE_SIGN_IDENTITY[sdk=iphoneos*]" = "iPhone Developer";
				COPY_PHASE_STRIP = NO;
				ENABLE_STRICT_OBJC_MSGSEND = YES;
				GCC_C_LANGUAGE_STANDARD = gnu99;
				GCC_DYNAMIC_NO_PIC = NO;
				GCC_OPTIMIZATION_LEVEL = 0;
				GCC_PREPROCESSOR_DEFINITIONS = (
					"DEBUG=1",
					"$(inherited)",
				);
				GCC_SYMBOLS_PRIVATE_EXTERN = NO;
				GCC_WARN_64_TO_32_BIT_CONVERSION = YES;
				GCC_WARN_ABOUT_RETURN_TYPE = YES_ERROR;
				GCC_WARN_UNDECLARED_SELECTOR = YES;
				GCC_WARN_UNINITIALIZED_AUTOS = YES_AGGRESSIVE;
				GCC_WARN_UNUSED_FUNCTION = YES;
				GCC_WARN_UNUSED_VARIABLE = YES;
				IPHONEOS_DEPLOYMENT_TARGET = 8.1;
				MTL_ENABLE_DEBUG_INFO = YES;
				ONLY_ACTIVE_ARCH = YES;
				SDKROOT = iphoneos;
				SWIFT_OPTIMIZATION_LEVEL = "-Onone";
				TARGETED_DEVICE_FAMILY = "1,2";
			};
			name = Debug;
		};
		A1C9DD571AAA29E100875034 /* Release */ = {
			isa = XCBuildConfiguration;
			buildSettings = {
				ALWAYS_SEARCH_USER_PATHS = NO;
				CLANG_CXX_LANGUAGE_STANDARD = "gnu++0x";
				CLANG_CXX_LIBRARY = "libc++";
				CLANG_ENABLE_MODULES = YES;
				CLANG_ENABLE_OBJC_ARC = YES;
				CLANG_WARN_BOOL_CONVERSION = YES;
				CLANG_WARN_CONSTANT_CONVERSION = YES;
				CLANG_WARN_DIRECT_OBJC_ISA_USAGE = YES_ERROR;
				CLANG_WARN_EMPTY_BODY = YES;
				CLANG_WARN_ENUM_CONVERSION = YES;
				CLANG_WARN_INT_CONVERSION = YES;
				CLANG_WARN_OBJC_ROOT_CLASS = YES_ERROR;
				CLANG_WARN_UNREACHABLE_CODE = YES;
				CLANG_WARN__DUPLICATE_METHOD_MATCH = YES;
				"CODE_SIGN_IDENTITY[sdk=iphoneos*]" = "iPhone Developer";
				COPY_PHASE_STRIP = YES;
				ENABLE_NS_ASSERTIONS = NO;
				ENABLE_STRICT_OBJC_MSGSEND = YES;
				GCC_C_LANGUAGE_STANDARD = gnu99;
				GCC_WARN_64_TO_32_BIT_CONVERSION = YES;
				GCC_WARN_ABOUT_RETURN_TYPE = YES_ERROR;
				GCC_WARN_UNDECLARED_SELECTOR = YES;
				GCC_WARN_UNINITIALIZED_AUTOS = YES_AGGRESSIVE;
				GCC_WARN_UNUSED_FUNCTION = YES;
				GCC_WARN_UNUSED_VARIABLE = YES;
				IPHONEOS_DEPLOYMENT_TARGET = 8.1;
				MTL_ENABLE_DEBUG_INFO = NO;
				SDKROOT = iphoneos;
				TARGETED_DEVICE_FAMILY = "1,2";
				VALIDATE_PRODUCT = YES;
			};
			name = Release;
		};
		A1C9DD591AAA29E100875034 /* Debug */ = {
			isa = XCBuildConfiguration;
			buildSettings = {
				ASSETCATALOG_COMPILER_APPICON_NAME = AppIcon;
				INFOPLIST_FILE = Example/Info.plist;
				LD_RUNPATH_SEARCH_PATHS = "$(inherited) @executable_path/Frameworks";
				PRODUCT_NAME = "$(TARGET_NAME)";
			};
			name = Debug;
		};
		A1C9DD5A1AAA29E100875034 /* Release */ = {
			isa = XCBuildConfiguration;
			buildSettings = {
				ASSETCATALOG_COMPILER_APPICON_NAME = AppIcon;
				INFOPLIST_FILE = Example/Info.plist;
				LD_RUNPATH_SEARCH_PATHS = "$(inherited) @executable_path/Frameworks";
				PRODUCT_NAME = "$(TARGET_NAME)";
			};
			name = Release;
		};
/* End XCBuildConfiguration section */

/* Begin XCConfigurationList section */
		A1C9DD341AAA29E000875034 /* Build configuration list for PBXProject "Example" */ = {
			isa = XCConfigurationList;
			buildConfigurations = (
				A1C9DD561AAA29E100875034 /* Debug */,
				A1C9DD571AAA29E100875034 /* Release */,
			);
			defaultConfigurationIsVisible = 0;
			defaultConfigurationName = Release;
		};
		A1C9DD581AAA29E100875034 /* Build configuration list for PBXNativeTarget "Example" */ = {
			isa = XCConfigurationList;
			buildConfigurations = (
				A1C9DD591AAA29E100875034 /* Debug */,
				A1C9DD5A1AAA29E100875034 /* Release */,
			);
			defaultConfigurationIsVisible = 0;
			defaultConfigurationName = Release;
		};
/* End XCConfigurationList section */
	};
	rootObject = A1C9DD311AAA29E000875034 /* Project object */;
}
